
Microsoft Visual Studio Solution File, Format Version 12.00
# Visual Studio Version 17
VisualStudioVersion = 17.0.32002.185
MinimumVisualStudioVersion = 10.0.40219.1
Project("{9A19103F-16F7-4668-BE54-9A1E7A4F7556}") = "PersonsApi", "PersonsApi\PersonsApi.csproj", "{BC42444E-5452-416D-9FF0-587B638DB23F}"
EndProject
Project("{9A19103F-16F7-4668-BE54-9A1E7A4F7556}") = "PersonApiTest", "PersonApiTest\PersonApiTest.csproj", "{26924FE8-6A70-4C69-91B3-83063E73D829}"
EndProject
Project("{9A19103F-16F7-4668-BE54-9A1E7A4F7556}") = "PersonRepository", "PersonRepository\PersonRepository.csproj", "{B38C097C-D36F-4683-8069-32FE323A04DC}"
EndProject
Project("{9A19103F-16F7-4668-BE54-9A1E7A4F7556}") = "ApiDTO", "ApiDTO\ApiDTO.csproj", "{41FDC95E-3A47-4273-A90A-29B7E14A4A4C}"
EndProject
Project("{FAE04EC0-301F-11D3-BF4B-00C04F79EFBC}") = "WebServiceTele2", "WebServiceTele2\WebServiceTele2.csproj", "{F4B91F78-576B-4B53-9892-ECBB9FEB26D7}"
EndProject
Global
	GlobalSection(SolutionConfigurationPlatforms) = preSolution
		Debug|Any CPU = Debug|Any CPU
		Release|Any CPU = Release|Any CPU
	EndGlobalSection
	GlobalSection(ProjectConfigurationPlatforms) = postSolution
		{BC42444E-5452-416D-9FF0-587B638DB23F}.Debug|Any CPU.ActiveCfg = Debug|Any CPU
		{BC42444E-5452-416D-9FF0-587B638DB23F}.Debug|Any CPU.Build.0 = Debug|Any CPU
		{BC42444E-5452-416D-9FF0-587B638DB23F}.Release|Any CPU.ActiveCfg = Release|Any CPU
		{BC42444E-5452-416D-9FF0-587B638DB23F}.Release|Any CPU.Build.0 = Release|Any CPU
		{26924FE8-6A70-4C69-91B3-83063E73D829}.Debug|Any CPU.ActiveCfg = Debug|Any CPU
		{26924FE8-6A70-4C69-91B3-83063E73D829}.Debug|Any CPU.Build.0 = Debug|Any CPU
		{26924FE8-6A70-4C69-91B3-83063E73D829}.Release|Any CPU.ActiveCfg = Release|Any CPU
		{26924FE8-6A70-4C69-91B3-83063E73D829}.Release|Any CPU.Build.0 = Release|Any CPU
		{B38C097C-D36F-4683-8069-32FE323A04DC}.Debug|Any CPU.ActiveCfg = Debug|Any CPU
		{B38C097C-D36F-4683-8069-32FE323A04DC}.Debug|Any CPU.Build.0 = Debug|Any CPU
		{B38C097C-D36F-4683-8069-32FE323A04DC}.Release|Any CPU.ActiveCfg = Release|Any CPU
		{B38C097C-D36F-4683-8069-32FE323A04DC}.Release|Any CPU.Build.0 = Release|Any CPU
		{41FDC95E-3A47-4273-A90A-29B7E14A4A4C}.Debug|Any CPU.ActiveCfg = Debug|Any CPU
		{41FDC95E-3A47-4273-A90A-29B7E14A4A4C}.Debug|Any CPU.Build.0 = Debug|Any CPU
		{41FDC95E-3A47-4273-A90A-29B7E14A4A4C}.Release|Any CPU.ActiveCfg = Release|Any CPU
		{41FDC95E-3A47-4273-A90A-29B7E14A4A4C}.Release|Any CPU.Build.0 = Release|Any CPU
		{F4B91F78-576B-4B53-9892-ECBB9FEB26D7}.Debug|Any CPU.ActiveCfg = Debug|Any CPU
		{F4B91F78-576B-4B53-9892-ECBB9FEB26D7}.Debug|Any CPU.Build.0 = Debug|Any CPU
		{F4B91F78-576B-4B53-9892-ECBB9FEB26D7}.Release|Any CPU.ActiveCfg = Release|Any CPU
		{F4B91F78-576B-4B53-9892-ECBB9FEB26D7}.Release|Any CPU.Build.0 = Release|Any CPU
	EndGlobalSection
	GlobalSection(SolutionProperties) = preSolution
		HideSolutionNode = FALSE
	EndGlobalSection
	GlobalSection(ExtensibilityGlobals) = postSolution
		SolutionGuid = {C358CCDB-FD66-45D3-8480-5FB6720CEDDE}
	EndGlobalSection
EndGlobal
